
Microsoft Visual Studio Solution File, Format Version 12.00
# Visual Studio 15
VisualStudioVersion = 15.0.28307.852
MinimumVisualStudioVersion = 10.0.40219.1
Project("{8BC9CEB8-8B4A-11D0-8D11-00A0C91BC942}") = "IIP_MFC", "IIP\IIP.vcxproj", "{2FB5EF29-594A-4EEB-B4F0-D3E11ABC355C}"
EndProject
Project("{8BC9CEB8-8B4A-11D0-8D11-00A0C91BC942}") = "IIP_OpenCV_HW_11", "IIP_OpenCV_HW_11\IIP_OpenCV_HW_11.vcxproj", "{E28948DF-67AC-4C3E-94A6-CBF76EC36F62}"
EndProject
Project("{8BC9CEB8-8B4A-11D0-8D11-00A0C91BC942}") = "IIP_OpenCV_HW_01", "IIP_OpenCV_HW_01\IIP_OpenCV_HW_01.vcxproj", "{47AD629B-BF2D-4C94-8898-A47D0D7F1650}"
EndProject
Project("{8BC9CEB8-8B4A-11D0-8D11-00A0C91BC942}") = "IIP_OpenCV_HW_02", "IIP_OpenCV_HW_02\IIP_OpenCV_HW_02.vcxproj", "{7A976347-B18F-420E-961B-317746C70A75}"
EndProject
Project("{8BC9CEB8-8B4A-11D0-8D11-00A0C91BC942}") = "IIP_OpenCV_HW_03", "IIP_OpenCV_HW_03\IIP_OpenCV_HW_03.vcxproj", "{657A8D54-64E7-4024-93CA-53DC192C1FBF}"
EndProject
Project("{8BC9CEB8-8B4A-11D0-8D11-00A0C91BC942}") = "IIP_OpenCV_HW_04", "IIP_OpenCV_HW_04\IIP_OpenCV_HW_04.vcxproj", "{C48AA2D2-7D57-4D69-9C78-3C84BAAEC69B}"
EndProject
Project("{8BC9CEB8-8B4A-11D0-8D11-00A0C91BC942}") = "IIP_OpenCV_HW_06", "IIP_OpenCV_HW_06\IIP_OpenCV_HW_06.vcxproj", "{CCE8B5FA-9D4E-440D-9B83-AF7EF84D1980}"
EndProject
Project("{8BC9CEB8-8B4A-11D0-8D11-00A0C91BC942}") = "IIP_OpenCV_HW_07", "IIP_OpenCV_HW_07\IIP_OpenCV_HW_07.vcxproj", "{127922C8-AA6F-476B-AA70-0D18A5830D35}"
EndProject
Project("{8BC9CEB8-8B4A-11D0-8D11-00A0C91BC942}") = "IIP_OpenCV_HW_08", "IIP_OpenCV_HW_08\IIP_OpenCV_HW_08.vcxproj", "{4A4F6425-6BF8-41C7-BF0D-2166ADC769F7}"
EndProject
Project("{8BC9CEB8-8B4A-11D0-8D11-00A0C91BC942}") = "IIP_HW_14", "IIP_HW_14\IIP_HW_14.vcxproj", "{D81DA72B-F04F-4A11-A010-43055963C3F7}"
EndProject
Project("{8BC9CEB8-8B4A-11D0-8D11-00A0C91BC942}") = "IIP_OpenCV_HW_09", "IIP_OpenCV_HW_09\IIP_OpenCV_HW_09.vcxproj", "{BF005B83-0301-45C5-9748-AEF5B626AA93}"
EndProject
Global
	GlobalSection(SolutionConfigurationPlatforms) = preSolution
		Debug|x64 = Debug|x64
		Debug|x86 = Debug|x86
		Release|x64 = Release|x64
		Release|x86 = Release|x86
	EndGlobalSection
	GlobalSection(ProjectConfigurationPlatforms) = postSolution
		{2FB5EF29-594A-4EEB-B4F0-D3E11ABC355C}.Debug|x64.ActiveCfg = Debug|x64
		{2FB5EF29-594A-4EEB-B4F0-D3E11ABC355C}.Debug|x64.Build.0 = Debug|x64
		{2FB5EF29-594A-4EEB-B4F0-D3E11ABC355C}.Debug|x86.ActiveCfg = Debug|Win32
		{2FB5EF29-594A-4EEB-B4F0-D3E11ABC355C}.Debug|x86.Build.0 = Debug|Win32
		{2FB5EF29-594A-4EEB-B4F0-D3E11ABC355C}.Release|x64.ActiveCfg = Release|x64
		{2FB5EF29-594A-4EEB-B4F0-D3E11ABC355C}.Release|x64.Build.0 = Release|x64
		{2FB5EF29-594A-4EEB-B4F0-D3E11ABC355C}.Release|x86.ActiveCfg = Release|Win32
		{2FB5EF29-594A-4EEB-B4F0-D3E11ABC355C}.Release|x86.Build.0 = Release|Win32
		{E28948DF-67AC-4C3E-94A6-CBF76EC36F62}.Debug|x64.ActiveCfg = Debug|x64
		{E28948DF-67AC-4C3E-94A6-CBF76EC36F62}.Debug|x64.Build.0 = Debug|x64
		{E28948DF-67AC-4C3E-94A6-CBF76EC36F62}.Debug|x86.ActiveCfg = Debug|Win32
		{E28948DF-67AC-4C3E-94A6-CBF76EC36F62}.Debug|x86.Build.0 = Debug|Win32
		{E28948DF-67AC-4C3E-94A6-CBF76EC36F62}.Release|x64.ActiveCfg = Release|x64
		{E28948DF-67AC-4C3E-94A6-CBF76EC36F62}.Release|x64.Build.0 = Release|x64
		{E28948DF-67AC-4C3E-94A6-CBF76EC36F62}.Release|x86.ActiveCfg = Release|Win32
		{E28948DF-67AC-4C3E-94A6-CBF76EC36F62}.Release|x86.Build.0 = Release|Win32
		{47AD629B-BF2D-4C94-8898-A47D0D7F1650}.Debug|x64.ActiveCfg = Debug|x64
		{47AD629B-BF2D-4C94-8898-A47D0D7F1650}.Debug|x64.Build.0 = Debug|x64
		{47AD629B-BF2D-4C94-8898-A47D0D7F1650}.Debug|x86.ActiveCfg = Debug|Win32
		{47AD629B-BF2D-4C94-8898-A47D0D7F1650}.Debug|x86.Build.0 = Debug|Win32
		{47AD629B-BF2D-4C94-8898-A47D0D7F1650}.Release|x64.ActiveCfg = Release|x64
		{47AD629B-BF2D-4C94-8898-A47D0D7F1650}.Release|x64.Build.0 = Release|x64
		{47AD629B-BF2D-4C94-8898-A47D0D7F1650}.Release|x86.ActiveCfg = Release|Win32
		{47AD629B-BF2D-4C94-8898-A47D0D7F1650}.Release|x86.Build.0 = Release|Win32
		{7A976347-B18F-420E-961B-317746C70A75}.Debug|x64.ActiveCfg = Debug|x64
		{7A976347-B18F-420E-961B-317746C70A75}.Debug|x64.Build.0 = Debug|x64
		{7A976347-B18F-420E-961B-317746C70A75}.Debug|x86.ActiveCfg = Debug|Win32
		{7A976347-B18F-420E-961B-317746C70A75}.Debug|x86.Build.0 = Debug|Win32
		{7A976347-B18F-420E-961B-317746C70A75}.Release|x64.ActiveCfg = Release|x64
		{7A976347-B18F-420E-961B-317746C70A75}.Release|x64.Build.0 = Release|x64
		{7A976347-B18F-420E-961B-317746C70A75}.Release|x86.ActiveCfg = Release|Win32
		{7A976347-B18F-420E-961B-317746C70A75}.Release|x86.Build.0 = Release|Win32
		{657A8D54-64E7-4024-93CA-53DC192C1FBF}.Debug|x64.ActiveCfg = Debug|x64
		{657A8D54-64E7-4024-93CA-53DC192C1FBF}.Debug|x64.Build.0 = Debug|x64
		{657A8D54-64E7-4024-93CA-53DC192C1FBF}.Debug|x86.ActiveCfg = Debug|Win32
		{657A8D54-64E7-4024-93CA-53DC192C1FBF}.Debug|x86.Build.0 = Debug|Win32
		{657A8D54-64E7-4024-93CA-53DC192C1FBF}.Release|x64.ActiveCfg = Release|x64
		{657A8D54-64E7-4024-93CA-53DC192C1FBF}.Release|x64.Build.0 = Release|x64
		{657A8D54-64E7-4024-93CA-53DC192C1FBF}.Release|x86.ActiveCfg = Release|Win32
		{657A8D54-64E7-4024-93CA-53DC192C1FBF}.Release|x86.Build.0 = Release|Win32
		{C48AA2D2-7D57-4D69-9C78-3C84BAAEC69B}.Debug|x64.ActiveCfg = Debug|x64
		{C48AA2D2-7D57-4D69-9C78-3C84BAAEC69B}.Debug|x64.Build.0 = Debug|x64
		{C48AA2D2-7D57-4D69-9C78-3C84BAAEC69B}.Debug|x86.ActiveCfg = Debug|Win32
		{C48AA2D2-7D57-4D69-9C78-3C84BAAEC69B}.Debug|x86.Build.0 = Debug|Win32
		{C48AA2D2-7D57-4D69-9C78-3C84BAAEC69B}.Release|x64.ActiveCfg = Release|x64
		{C48AA2D2-7D57-4D69-9C78-3C84BAAEC69B}.Release|x64.Build.0 = Release|x64
		{C48AA2D2-7D57-4D69-9C78-3C84BAAEC69B}.Release|x86.ActiveCfg = Release|Win32
		{C48AA2D2-7D57-4D69-9C78-3C84BAAEC69B}.Release|x86.Build.0 = Release|Win32
		{CCE8B5FA-9D4E-440D-9B83-AF7EF84D1980}.Debug|x64.ActiveCfg = Debug|x64
		{CCE8B5FA-9D4E-440D-9B83-AF7EF84D1980}.Debug|x64.Build.0 = Debug|x64
		{CCE8B5FA-9D4E-440D-9B83-AF7EF84D1980}.Debug|x86.ActiveCfg = Debug|Win32
		{CCE8B5FA-9D4E-440D-9B83-AF7EF84D1980}.Debug|x86.Build.0 = Debug|Win32
		{CCE8B5FA-9D4E-440D-9B83-AF7EF84D1980}.Release|x64.ActiveCfg = Release|x64
		{CCE8B5FA-9D4E-440D-9B83-AF7EF84D1980}.Release|x64.Build.0 = Release|x64
		{CCE8B5FA-9D4E-440D-9B83-AF7EF84D1980}.Release|x86.ActiveCfg = Release|Win32
		{CCE8B5FA-9D4E-440D-9B83-AF7EF84D1980}.Release|x86.Build.0 = Release|Win32
		{127922C8-AA6F-476B-AA70-0D18A5830D35}.Debug|x64.ActiveCfg = Debug|x64
		{127922C8-AA6F-476B-AA70-0D18A5830D35}.Debug|x64.Build.0 = Debug|x64
		{127922C8-AA6F-476B-AA70-0D18A5830D35}.Debug|x86.ActiveCfg = Debug|Win32
		{127922C8-AA6F-476B-AA70-0D18A5830D35}.Debug|x86.Build.0 = Debug|Win32
		{127922C8-AA6F-476B-AA70-0D18A5830D35}.Release|x64.ActiveCfg = Release|x64
		{127922C8-AA6F-476B-AA70-0D18A5830D35}.Release|x64.Build.0 = Release|x64
		{127922C8-AA6F-476B-AA70-0D18A5830D35}.Release|x86.ActiveCfg = Release|Win32
		{127922C8-AA6F-476B-AA70-0D18A5830D35}.Release|x86.Build.0 = Release|Win32
		{4A4F6425-6BF8-41C7-BF0D-2166ADC769F7}.Debug|x64.ActiveCfg = Debug|x64
		{4A4F6425-6BF8-41C7-BF0D-2166ADC769F7}.Debug|x64.Build.0 = Debug|x64
		{4A4F6425-6BF8-41C7-BF0D-2166ADC769F7}.Debug|x86.ActiveCfg = Debug|Win32
		{4A4F6425-6BF8-41C7-BF0D-2166ADC769F7}.Debug|x86.Build.0 = Debug|Win32
		{4A4F6425-6BF8-41C7-BF0D-2166ADC769F7}.Release|x64.ActiveCfg = Release|x64
		{4A4F6425-6BF8-41C7-BF0D-2166ADC769F7}.Release|x64.Build.0 = Release|x64
		{4A4F6425-6BF8-41C7-BF0D-2166ADC769F7}.Release|x86.ActiveCfg = Release|Win32
		{4A4F6425-6BF8-41C7-BF0D-2166ADC769F7}.Release|x86.Build.0 = Release|Win32
		{D81DA72B-F04F-4A11-A010-43055963C3F7}.Debug|x64.ActiveCfg = Debug|x64
		{D81DA72B-F04F-4A11-A010-43055963C3F7}.Debug|x64.Build.0 = Debug|x64
		{D81DA72B-F04F-4A11-A010-43055963C3F7}.Debug|x86.ActiveCfg = Debug|Win32
		{D81DA72B-F04F-4A11-A010-43055963C3F7}.Debug|x86.Build.0 = Debug|Win32
		{D81DA72B-F04F-4A11-A010-43055963C3F7}.Release|x64.ActiveCfg = Release|x64
		{D81DA72B-F04F-4A11-A010-43055963C3F7}.Release|x64.Build.0 = Release|x64
		{D81DA72B-F04F-4A11-A010-43055963C3F7}.Release|x86.ActiveCfg = Release|Win32
		{D81DA72B-F04F-4A11-A010-43055963C3F7}.Release|x86.Build.0 = Release|Win32
		{BF005B83-0301-45C5-9748-AEF5B626AA93}.Debug|x64.ActiveCfg = Debug|x64
		{BF005B83-0301-45C5-9748-AEF5B626AA93}.Debug|x64.Build.0 = Debug|x64
		{BF005B83-0301-45C5-9748-AEF5B626AA93}.Debug|x86.ActiveCfg = Debug|Win32
		{BF005B83-0301-45C5-9748-AEF5B626AA93}.Debug|x86.Build.0 = Debug|Win32
		{BF005B83-0301-45C5-9748-AEF5B626AA93}.Release|x64.ActiveCfg = Release|x64
		{BF005B83-0301-45C5-9748-AEF5B626AA93}.Release|x64.Build.0 = Release|x64
		{BF005B83-0301-45C5-9748-AEF5B626AA93}.Release|x86.ActiveCfg = Release|Win32
		{BF005B83-0301-45C5-9748-AEF5B626AA93}.Release|x86.Build.0 = Release|Win32
	EndGlobalSection
	GlobalSection(SolutionProperties) = preSolution
		HideSolutionNode = FALSE
	EndGlobalSection
	GlobalSection(ExtensibilityGlobals) = postSolution
		SolutionGuid = {AD708CB2-B3FB-4853-98BE-E5ADAC50DE1F}
	EndGlobalSection
EndGlobal
